
Microsoft Visual Studio Solution File, Format Version 12.00
# Visual Studio Version 17
VisualStudioVersion = 17.8.34330.188
MinimumVisualStudioVersion = 10.0.40219.1
Project("{FAE04EC0-301F-11D3-BF4B-00C04F79EFBC}") = "DonationSystem", "DonationSystem.csproj", "{D5A20C89-7D1C-4CA3-A45F-A0E3EAE415B6}"
EndProject
Global
	GlobalSection(SolutionConfigurationPlatforms) = preSolution
		Debug|Any CPU = Debug|Any CPU
		Release|Any CPU = Release|Any CPU
	EndGlobalSection
	GlobalSection(ProjectConfigurationPlatforms) = postSolution
		{D5A20C89-7D1C-4CA3-A45F-A0E3EAE415B6}.Debug|Any CPU.ActiveCfg = Debug|Any CPU
		{D5A20C89-7D1C-4CA3-A45F-A0E3EAE415B6}.Debug|Any CPU.Build.0 = Debug|Any CPU
		{D5A20C89-7D1C-4CA3-A45F-A0E3EAE415B6}.Release|Any CPU.ActiveCfg = Release|Any CPU
		{D5A20C89-7D1C-4CA3-A45F-A0E3EAE415B6}.Release|Any CPU.Build.0 = Release|Any CPU
	EndGlobalSection
	GlobalSection(SolutionProperties) = preSolution
		HideSolutionNode = FALSE
	EndGlobalSection
	GlobalSection(ExtensibilityGlobals) = postSolution
		SolutionGuid = {2998084C-7463-4F5E-8F54-3FFD111DA5E5}
	EndGlobalSection
EndGlobal
